{
  "name": "node-compression-benchmark",
  "version": "1.0.0",
  "lockfileVersion": 2,
  "requires": true,
  "packages": {
    "": {
      "name": "node-compression-benchmark",
      "version": "1.0.0",
      "license": "MIT",
      "workspaces": [
        "packages/*"
      ],
      "devDependencies": {
        "typescript": "~4.8.2"
      }
    },
    "node_modules/@types/node": {
      "version": "18.7.14",
      "resolved": "https://registry.npmjs.org/@types/node/-/node-18.7.14.tgz",
      "integrity": "sha512-6bbDaETVi8oyIARulOE9qF1/Qdi/23z6emrUh0fNJRUmjznqrixD4MpGDdgOFk5Xb0m2H6Xu42JGdvAxaJR/wA==",
      "dev": true
    },
    "node_modules/node-compression-benchmark-browser": {
      "resolved": "packages/browser",
      "link": true
    },
    "node_modules/node-compression-benchmark-core": {
      "resolved": "packages/core",
      "link": true
    },
    "node_modules/node-compression-benchmark-nodejs": {
      "resolved": "packages/nodejs",
      "link": true
    },
    "node_modules/pure-rand": {
      "version": "5.0.1",
      "resolved": "https://registry.npmjs.org/pure-rand/-/pure-rand-5.0.1.tgz",
      "integrity": "sha512-ksWccjmXOHU2gJBnH0cK1lSYdvSZ0zLoCMSz/nTGh6hDvCSgcRxDyIcOBD6KNxFz3xhMPm/T267Tbe2JRymKEQ==",
      "funding": {
        "type": "opencollective",
        "url": "https://opencollective.com/fast-check"
      }
    },
    "node_modules/random": {
      "version": "3.0.6",
      "resolved": "https://registry.npmjs.org/random/-/random-3.0.6.tgz",
      "integrity": "sha512-B53pp/8eFBxULg6sfQgjjmy3vZ2CWVt0Nk4OgkSpvmAf3VXfcEUgGASbNWbXiTiExWe8hCIf5HlddNHzrte9jg==",
      "dependencies": {
        "seedrandom": "^3.0.5"
      },
      "engines": {
        "node": ">=10"
      }
    },
    "node_modules/seedrandom": {
      "version": "3.0.5",
      "resolved": "https://registry.npmjs.org/seedrandom/-/seedrandom-3.0.5.tgz",
      "integrity": "sha512-8OwmbklUNzwezjGInmZ+2clQmExQPvomqjL7LFqOYqtmuxRgQYqOD3mHaU+MvZn5FLUeVxVfQjwLZW/n/JFuqg=="
    },
    "node_modules/typescript": {
      "version": "4.8.2",
      "resolved": "https://registry.npmjs.org/typescript/-/typescript-4.8.2.tgz",
      "integrity": "sha512-C0I1UsrrDHo2fYI5oaCGbSejwX4ch+9Y5jTQELvovfmFkK3HHSZJB8MSJcWLmCUBzQBchCrZ9rMRV6GuNrvGtw==",
      "dev": true,
      "bin": {
        "tsc": "bin/tsc",
        "tsserver": "bin/tsserver"
      },
      "engines": {
        "node": ">=4.2.0"
      }
    },
    "packages/browser": {
      "name": "node-compression-benchmark-browser",
      "version": "1.0.0",
      "license": "MIT",
      "dependencies": {
        "node-compression-benchmark-core": "^1.0.0"
      }
    },
    "packages/core": {
      "name": "node-compression-benchmark-core",
      "version": "1.0.0",
      "license": "MIT",
      "dependencies": {
        "pure-rand": "^5.0.1"
      }
    },
    "packages/nodejs": {
      "name": "node-compression-benchmark-nodejs",
      "version": "1.0.0",
      "license": "MIT",
      "dependencies": {
        "node-compression-benchmark-core": "^1.0.0",
        "random": "^3.0.6"
      },
      "devDependencies": {
        "@types/node": "^18.7.14"
      }
    }
  },
  "dependencies": {
    "@types/node": {
      "version": "18.7.14",
      "resolved": "https://registry.npmjs.org/@types/node/-/node-18.7.14.tgz",
      "integrity": "sha512-6bbDaETVi8oyIARulOE9qF1/Qdi/23z6emrUh0fNJRUmjznqrixD4MpGDdgOFk5Xb0m2H6Xu42JGdvAxaJR/wA==",
      "dev": true
    },
    "node-compression-benchmark-browser": {
      "version": "file:packages/browser",
      "requires": {
        "node-compression-benchmark-core": "^1.0.0"
      }
    },
    "node-compression-benchmark-core": {
      "version": "file:packages/core",
      "requires": {
        "pure-rand": "^5.0.1"
      }
    },
    "node-compression-benchmark-nodejs": {
      "version": "file:packages/nodejs",
      "requires": {
        "@types/node": "^18.7.14",
        "node-compression-benchmark-core": "^1.0.0",
        "random": "^3.0.6"
      }
    },
    "pure-rand": {
      "version": "5.0.1",
      "resolved": "https://registry.npmjs.org/pure-rand/-/pure-rand-5.0.1.tgz",
      "integrity": "sha512-ksWccjmXOHU2gJBnH0cK1lSYdvSZ0zLoCMSz/nTGh6hDvCSgcRxDyIcOBD6KNxFz3xhMPm/T267Tbe2JRymKEQ=="
    },
    "random": {
      "version": "3.0.6",
      "resolved": "https://registry.npmjs.org/random/-/random-3.0.6.tgz",
      "integrity": "sha512-B53pp/8eFBxULg6sfQgjjmy3vZ2CWVt0Nk4OgkSpvmAf3VXfcEUgGASbNWbXiTiExWe8hCIf5HlddNHzrte9jg==",
      "requires": {
        "seedrandom": "^3.0.5"
      }
    },
    "seedrandom": {
      "version": "3.0.5",
      "resolved": "https://registry.npmjs.org/seedrandom/-/seedrandom-3.0.5.tgz",
      "integrity": "sha512-8OwmbklUNzwezjGInmZ+2clQmExQPvomqjL7LFqOYqtmuxRgQYqOD3mHaU+MvZn5FLUeVxVfQjwLZW/n/JFuqg=="
    },
    "typescript": {
      "version": "4.8.2",
      "resolved": "https://registry.npmjs.org/typescript/-/typescript-4.8.2.tgz",
      "integrity": "sha512-C0I1UsrrDHo2fYI5oaCGbSejwX4ch+9Y5jTQELvovfmFkK3HHSZJB8MSJcWLmCUBzQBchCrZ9rMRV6GuNrvGtw==",
      "dev": true
    }
  }
}
